{
  "version": 4,
  "terraform_version": "0.13.7",
  "serial": 159,
  "lineage": "f527412a-47b7-a414-970b-b460c7d62c83",
  "outputs": {},
  "resources": [
    {
      "mode": "managed",
      "type": "sbercloud_dis_stream",
      "name": "stream_input",
      "provider": "provider[\"registry.terraform.io/sbercloud-terraform/sbercloud\"]",
      "instances": [
        {
          "schema_version": 0,
          "attributes": {
            "auto_scale_max_partition_count": 0,
            "auto_scale_min_partition_count": 0,
            "compression_format": "",
            "created": 1666818165267,
            "csv_delimiter": ",",
            "data_schema": "",
            "data_type": "CSV",
            "enterprise_project_id": null,
            "id": "tf_man_dis_input",
            "partition_count": 1,
            "partitions": [
              {
                "hash_range": "[0 : 9223372036854775807]",
                "id": "shardId-0000000000",
                "sequence_number_range": "[0 : 0]",
                "status": "ACTIVE"
              }
            ],
            "readable_partition_count": 1,
            "region": null,
            "retention_period": 24,
            "status": "RUNNING",
            "stream_id": "dHV504T4Vy1kI9bwIF6",
            "stream_name": "tf_man_dis_input",
            "stream_type": "COMMON",
            "tags": {},
            "timeouts": null,
            "writable_partition_count": 1
          },
          "private": "eyJlMmJmYjczMC1lY2FhLTExZTYtOGY4OC0zNDM2M2JjN2M0YzAiOnsidXBkYXRlIjoxMjAwMDAwMDAwMDB9fQ=="
        }
      ]
    },
    {
      "mode": "managed",
      "type": "sbercloud_dis_stream",
      "name": "stream_output",
      "provider": "provider[\"registry.terraform.io/sbercloud-terraform/sbercloud\"]",
      "instances": [
        {
          "schema_version": 0,
          "attributes": {
            "auto_scale_max_partition_count": 0,
            "auto_scale_min_partition_count": 0,
            "compression_format": "",
            "created": 1666818165270,
            "csv_delimiter": ",",
            "data_schema": "",
            "data_type": "CSV",
            "enterprise_project_id": null,
            "id": "tf_man_dis_output",
            "partition_count": 1,
            "partitions": [
              {
                "hash_range": "[0 : 9223372036854775807]",
                "id": "shardId-0000000000",
                "sequence_number_range": "[0 : 0]",
                "status": "ACTIVE"
              }
            ],
            "readable_partition_count": 1,
            "region": null,
            "retention_period": 24,
            "status": "RUNNING",
            "stream_id": "aiCqA11qb4O64gYkkwr",
            "stream_name": "tf_man_dis_output",
            "stream_type": "COMMON",
            "tags": {},
            "timeouts": null,
            "writable_partition_count": 1
          },
          "private": "eyJlMmJmYjczMC1lY2FhLTExZTYtOGY4OC0zNDM2M2JjN2M0YzAiOnsidXBkYXRlIjoxMjAwMDAwMDAwMDB9fQ=="
        }
      ]
    },
    {
      "mode": "managed",
      "type": "sbercloud_dli_database",
      "name": "test",
      "provider": "provider[\"registry.terraform.io/sbercloud-terraform/sbercloud\"]",
      "instances": [
        {
          "schema_version": 0,
          "attributes": {
            "description": "For terraform man test",
            "enterprise_project_id": "0",
            "id": "tf_man_dli_db",
            "name": "tf_man_dli_db",
            "owner": "skolyshkin",
            "region": null
          },
          "private": "bnVsbA=="
        }
      ]
    },
    {
      "mode": "managed",
      "type": "sbercloud_dli_flinksql_job",
      "name": "test",
      "provider": "provider[\"registry.terraform.io/sbercloud-terraform/sbercloud\"]",
      "instances": [
        {
          "status": "tainted",
          "schema_version": 0,
          "attributes": {
            "checkpoint_enabled": false,
            "checkpoint_interval": 10,
            "checkpoint_mode": "exactly_once",
            "cu_number": 2,
            "description": "",
            "dirty_data_strategy": "0",
            "edge_group_ids": [],
            "id": "296",
            "idle_state_retention": 1,
            "log_enabled": false,
            "manager_cu_number": 1,
            "name": "tf_man_dli_flink_sql_job",
            "obs_bucket": "",
            "parallel_number": 1,
            "queue_name": "default_general",
            "region": null,
            "restart_when_exception": false,
            "resume_checkpoint": false,
            "resume_max_num": -1,
            "run_mode": "shared_cluster",
            "runtime_config": null,
            "smn_topic": "",
            "sql": "CREATE SOURCE STREAM car_infos (\n  car_id STRING,\n  car_owner STRING,\n  car_brand STRING,\n  car_price INT\n)\nWITH (\n  type = \"dis\",\n  region = \"ru-moscow-1\",\n  channel = \"tf_man_dis_input\",\n  partition_count = \"1\",\n  encode = \"csv\",\n  field_delimiter = \",\"\n);\n\nCREATE SINK STREAM audi_cheaper_than_30w (\n  car_id STRING,\n  car_owner STRING,\n  car_brand STRING,\n  car_price INT\n)\nWITH (\n  type = \"dis\",\n  region = \"ru-moscow-1\",\n  channel = \"tf_man_dis_output\",\n  partition_key = \"car_owner\",\n  encode = \"csv\",\n  field_delimiter = \",\"\n);\n\nINSERT INTO audi_cheaper_than_30w\nSELECT *\nFROM car_infos\nWHERE car_brand = \"audia4\" and car_price \u003c 30;\n\n\nCREATE SINK STREAM car_info_data (\n  car_id STRING,\n  car_owner STRING,\n  car_brand STRING,\n  car_price INT\n)\nWITH (\n  type =\"dis\",\n  region = \"ru-moscow-1\",\n  channel = \"tf_man_dis_input\",\n  partition_key = \"car_owner\",\n  encode = \"csv\",\n  field_delimiter = \",\"\n);\n\nINSERT INTO car_info_data\nSELECT \"1\", \"lilei\", \"bmw320i\", 28;\nINSERT INTO car_info_data\nSELECT \"2\", \"hanmeimei\", \"audia4\", 27;\n",
            "status": "job_init",
            "tags": null,
            "timeouts": null,
            "tm_cus": 1,
            "tm_slot_num": 0,
            "type": "flink_sql_job",
            "udf_jar_url": ""
          }
        }
      ]
    },
    {
      "mode": "managed",
      "type": "sbercloud_dli_package",
      "name": "test",
      "provider": "provider[\"registry.terraform.io/sbercloud-terraform/sbercloud\"]",
      "instances": [
        {
          "schema_version": 0,
          "attributes": {
            "created_at": "2022-10-26 17:02:28",
            "group_name": "tf-man-dli-pkg",
            "id": "tf-man-dli-pkg/simple_pyspark_test_DLF_refresh.py",
            "is_async": null,
            "object_name": "simple_pyspark_test_DLF_refresh.py",
            "object_path": "https://tf-man-dli-bucket.obs.ru-moscow-1.hc.sbercloud.ru/dli/packages/simple_pyspark_test_DLF_refresh.py",
            "owner": "skolyshkin",
            "region": null,
            "status": "READY",
            "type": "pyFile",
            "updated_at": "2022-10-26 17:02:28"
          },
          "private": "bnVsbA==",
          "dependencies": [
            "sbercloud_obs_bucket.test"
          ]
        }
      ]
    },
    {
      "mode": "managed",
      "type": "sbercloud_dli_queue",
      "name": "test",
      "provider": "provider[\"registry.terraform.io/sbercloud-terraform/sbercloud\"]",
      "instances": [
        {
          "schema_version": 0,
          "attributes": {
            "create_time": 1666879082964,
            "cu_count": 16,
            "description": "",
            "enterprise_project_id": "0",
            "feature": "",
            "id": "tf_man_dli_queue",
            "management_subnet_cidr": null,
            "name": "tf_man_dli_queue",
            "platform": "x86_64",
            "queue_type": "sql",
            "region": null,
            "resource_mode": 0,
            "subnet_cidr": null,
            "tags": {
              "foo": "bar"
            },
            "timeouts": null,
            "vpc_cidr": ""
          },
          "private": "eyJlMmJmYjczMC1lY2FhLTExZTYtOGY4OC0zNDM2M2JjN2M0YzAiOnsidXBkYXRlIjoyNzAwMDAwMDAwMDAwfX0="
        }
      ]
    },
    {
      "mode": "managed",
      "type": "sbercloud_dli_queue",
      "name": "test_spark",
      "provider": "provider[\"registry.terraform.io/sbercloud-terraform/sbercloud\"]",
      "instances": [
        {
          "schema_version": 0,
          "attributes": {
            "create_time": null,
            "cu_count": 16,
            "description": null,
            "enterprise_project_id": null,
            "feature": null,
            "id": "tf_man_dli_spark_queue",
            "management_subnet_cidr": null,
            "name": "tf_man_dli_spark_queue",
            "platform": "x86_64",
            "queue_type": "general",
            "region": null,
            "resource_mode": null,
            "subnet_cidr": null,
            "tags": null,
            "timeouts": null,
            "vpc_cidr": null
          },
          "private": "eyJlMmJmYjczMC1lY2FhLTExZTYtOGY4OC0zNDM2M2JjN2M0YzAiOnsidXBkYXRlIjoyNzAwMDAwMDAwMDAwfX0="
        }
      ]
    },
    {
      "mode": "managed",
      "type": "sbercloud_dli_spark_job",
      "name": "test",
      "provider": "provider[\"registry.terraform.io/sbercloud-terraform/sbercloud\"]",
      "instances": [
        {
          "schema_version": 0,
          "attributes": {
            "app_name": "tf-man-dli-pkg/simple_pyspark_test_DLF_refresh.py",
            "app_parameters": null,
            "configurations": null,
            "created_at": "2022-10-27 18:02:04",
            "dependent_packages": [],
            "driver_cores": null,
            "driver_memory": null,
            "executor_cores": null,
            "executor_memory": null,
            "executors": null,
            "files": null,
            "id": "8f957819-7b1a-4978-8723-6ab20b6ec6ef",
            "jars": null,
            "main_class": null,
            "max_retries": null,
            "modules": null,
            "name": "tf-man-dli-spark-job",
            "owner": "skolyshkin",
            "python_files": null,
            "queue_name": "tf_man_dli_spark_queue",
            "region": null,
            "specification": null,
            "timeouts": null
          },
          "private": "eyJlMmJmYjczMC1lY2FhLTExZTYtOGY4OC0zNDM2M2JjN2M0YzAiOnsiZGVsZXRlIjozMDAwMDAwMDAwMDB9fQ==",
          "dependencies": [
            "sbercloud_dli_package.test",
            "sbercloud_dli_queue.test_spark",
            "sbercloud_obs_bucket.test",
            "sbercloud_obs_bucket_object.test"
          ]
        }
      ]
    },
    {
      "mode": "managed",
      "type": "sbercloud_obs_bucket",
      "name": "test",
      "provider": "provider[\"registry.terraform.io/sbercloud-terraform/sbercloud\"]",
      "instances": [
        {
          "schema_version": 0,
          "attributes": {
            "acl": "private",
            "bucket": "tf-man-dli-bucket",
            "bucket_domain_name": "tf-man-dli-bucket.obs.ru-moscow-1.hc.sbercloud.ru",
            "bucket_version": "3.0",
            "cors_rule": [],
            "encryption": false,
            "enterprise_project_id": "0",
            "force_destroy": false,
            "id": "tf-man-dli-bucket",
            "kms_key_id": "",
            "lifecycle_rule": [],
            "logging": [],
            "multi_az": false,
            "parallel_fs": false,
            "policy": "",
            "policy_format": "obs",
            "quota": 0,
            "region": "ru-moscow-1",
            "storage_class": "STANDARD",
            "tags": null,
            "versioning": false,
            "website": []
          },
          "private": "bnVsbA=="
        }
      ]
    },
    {
      "mode": "managed",
      "type": "sbercloud_obs_bucket_object",
      "name": "test",
      "provider": "provider[\"registry.terraform.io/sbercloud-terraform/sbercloud\"]",
      "instances": [
        {
          "schema_version": 0,
          "attributes": {
            "acl": null,
            "bucket": "tf-man-dli-bucket",
            "content": "#!/usr/bin/env python\n# _*_ coding: utf-8 _*_\n\nimport sys\nimport logging\nfrom operator import add\nimport time\n\nfrom pyspark.sql import SparkSession\nfrom pyspark.sql import SQLContext\n\nsparkSession = SparkSession.builder.appName(\"simple pyspark test DLF refresh\").getOrCreate()\nsc = SQLContext(sparkSession.sparkContext)\n\nlogging.basicConfig(format='%%(message)s', level=logging.INFO)\nlogger = logging.getLogger(\"Whatever\")\nlogger.info(\"[DBmethods.py] HELLOOOOOOOOOOO\")\n\n\nsc._jsc.hadoopConfiguration().set(\"fs.obs.access.key\", \"%s\")\nsc._jsc.hadoopConfiguration().set(\"fs.obs.secret.key\", \"%s\")\nsc._jsc.hadoopConfiguration().set(\"fs.obs.endpoint\", \"obs.cn-north-4.myhuaweicloud.com\")\n\n\n# Read private bucket with encryption using AK/SK\nprivate_encrypted_file = \"obs://dedicated-for-terraform-acc-test/dli/spark/people.csv\"\n\ndf = sparkSession.read.options(header='True', inferSchema='True', delimiter=',').csv(private_encrypted_file)\ndf.show()\ndf.printSchema()\nprint(df)\nprint(df.count())\nprint(time.time())\n\n\nmy_string_to_print = \"{} - {}\".format(int(time.time()), df.count()/2)\nfile_name = \"my_file-{}-{}\".format(int(time.time()), df.count()/2)\n\n\nprint(my_string_to_print)\nprint(file_name)\n\nprivate_encrypted_output_folder = \"obs://dedicated-for-terraform-acc-test/dli/result/\"\n# my_string_to_print.write.mode('overwrite').csv(private_encrypted_output_folder)\n\nfinal_path = \"{}{}\".format(private_encrypted_output_folder, file_name)\nprint(final_path)\n\n\nsparkSession.sparkContext.parallelize([my_string_to_print]).coalesce(1).saveAsTextFile(final_path)\n\n\n",
            "content_type": "text/py",
            "encryption": null,
            "etag": "051342cd9a6dbd01db90284a763bb056",
            "id": "dli/packages/simple_pyspark_test_DLF_refresh.py",
            "key": "dli/packages/simple_pyspark_test_DLF_refresh.py",
            "kms_key_id": null,
            "region": null,
            "size": 1552,
            "source": null,
            "storage_class": "STANDARD",
            "version_id": ""
          },
          "private": "bnVsbA==",
          "dependencies": [
            "sbercloud_obs_bucket.test"
          ]
        }
      ]
    }
  ]
}
